// !$*UTF8*$!
{
	archiveVersion = 1;
	classes = {
	};
	objectVersion = 51;
	objects = {

/* Begin PBXBuildFile section */
		BB074B0F2445D1610023AA97 /* .gitignore in Resources */ = {isa = PBXBuildFile; fileRef = BB074B0E2445D1610023AA97 /* .gitignore */; };
		BB074B1924462FED0023AA97 /* SideMenuController.swift in Sources */ = {isa = PBXBuildFile; fileRef = BB074B1824462FED0023AA97 /* SideMenuController.swift */; };
		BB074B1C2446306B0023AA97 /* SideMenuCell.swift in Sources */ = {isa = PBXBuildFile; fileRef = BB074B1B2446306B0023AA97 /* SideMenuCell.swift */; };
		BB4FD4C02372EC5F003C2039 /* CRUD.swift in Sources */ = {isa = PBXBuildFile; fileRef = BB4FD4BF2372EC5F003C2039 /* CRUD.swift */; };
		BB4FD4C22372EC9F003C2039 /* CategoryDaoImpl.swift in Sources */ = {isa = PBXBuildFile; fileRef = BB4FD4C12372EC9F003C2039 /* CategoryDaoImpl.swift */; };
		BB4FD4C42372ECAD003C2039 /* TaskDaoImpl.swift in Sources */ = {isa = PBXBuildFile; fileRef = BB4FD4C32372ECAD003C2039 /* TaskDaoImpl.swift */; };
		BB4FD4C62372ECCC003C2039 /* PriorityDaoImpl.swift in Sources */ = {isa = PBXBuildFile; fileRef = BB4FD4C52372ECCC003C2039 /* PriorityDaoImpl.swift */; };
		BB4FD4C82372FB9C003C2039 /* CrudExtension.swift in Sources */ = {isa = PBXBuildFile; fileRef = BB4FD4C72372FB9C003C2039 /* CrudExtension.swift */; };
		BB567AA72369C44500842AD3 /* DateExtension.swift in Sources */ = {isa = PBXBuildFile; fileRef = BB567AA62369C44500842AD3 /* DateExtension.swift */; };
		BB567AA92369C45800842AD3 /* TaskExtension.swift in Sources */ = {isa = PBXBuildFile; fileRef = BB567AA82369C45800842AD3 /* TaskExtension.swift */; };
		BB60145F244A20970036E812 /* DictDAO.swift in Sources */ = {isa = PBXBuildFile; fileRef = BB60145E244A20960036E812 /* DictDAO.swift */; };
		BB601461244A21610036E812 /* Checkable.swift in Sources */ = {isa = PBXBuildFile; fileRef = BB601460244A21610036E812 /* Checkable.swift */; };
		BB6C565F2388078D000EA03A /* TaskNameCell.swift in Sources */ = {isa = PBXBuildFile; fileRef = BB6C565E2388078D000EA03A /* TaskNameCell.swift */; };
		BB6C56612388088A000EA03A /* TaskCategoryCell.swift in Sources */ = {isa = PBXBuildFile; fileRef = BB6C56602388088A000EA03A /* TaskCategoryCell.swift */; };
		BB6C5663238808A3000EA03A /* TaskPriorityCell.swift in Sources */ = {isa = PBXBuildFile; fileRef = BB6C5662238808A3000EA03A /* TaskPriorityCell.swift */; };
		BB6C5665238808BC000EA03A /* TaskDeadlineCell.swift in Sources */ = {isa = PBXBuildFile; fileRef = BB6C5664238808BC000EA03A /* TaskDeadlineCell.swift */; };
		BB6C5667238808E0000EA03A /* TaskInfoCell.swift in Sources */ = {isa = PBXBuildFile; fileRef = BB6C5666238808E0000EA03A /* TaskInfoCell.swift */; };
		BB6E841123E1CDFE00CCE23D /* ActionResultDelegate.swift in Sources */ = {isa = PBXBuildFile; fileRef = BB6E841023E1CDFE00CCE23D /* ActionResultDelegate.swift */; };
		BB7485F6243E05C000975C56 /* TaskDAO.swift in Sources */ = {isa = PBXBuildFile; fileRef = BB7485F5243E05C000975C56 /* TaskDAO.swift */; };
		BB9519F1241AD57800F9A3BC /* AreaTapButton.swift in Sources */ = {isa = PBXBuildFile; fileRef = BB9519F0241AD57800F9A3BC /* AreaTapButton.swift */; };
		BB9DF5C723E5E6B800FE0E51 /* DictionaryController.swift in Sources */ = {isa = PBXBuildFile; fileRef = BB9DF5C623E5E6B800FE0E51 /* DictionaryController.swift */; };
		BBA660CF2440659600A764E6 /* UIViewControllerExtension.swift in Sources */ = {isa = PBXBuildFile; fileRef = BBA660CE2440659600A764E6 /* UIViewControllerExtension.swift */; };
		BBAB3296241CE5D10080E3ED /* TaskInfoController.swift in Sources */ = {isa = PBXBuildFile; fileRef = BBAB3295241CE5D10080E3ED /* TaskInfoController.swift */; };
		BBB487702350C06800148789 /* AppDelegate.swift in Sources */ = {isa = PBXBuildFile; fileRef = BBB4876F2350C06800148789 /* AppDelegate.swift */; };
		BBB487722350C06800148789 /* TaskDetailsViewController.swift in Sources */ = {isa = PBXBuildFile; fileRef = BBB487712350C06800148789 /* TaskDetailsViewController.swift */; };
		BBB487752350C06800148789 /* Main.storyboard in Resources */ = {isa = PBXBuildFile; fileRef = BBB487732350C06800148789 /* Main.storyboard */; };
		BBB487782350C06800148789 /* Planner.xcdatamodeld in Sources */ = {isa = PBXBuildFile; fileRef = BBB487762350C06800148789 /* Planner.xcdatamodeld */; };
		BBB4877A2350C06900148789 /* Assets.xcassets in Resources */ = {isa = PBXBuildFile; fileRef = BBB487792350C06900148789 /* Assets.xcassets */; };
		BBB4877D2350C06900148789 /* LaunchScreen.storyboard in Resources */ = {isa = PBXBuildFile; fileRef = BBB4877B2350C06900148789 /* LaunchScreen.storyboard */; };
		BBB4878A2350C65A00148789 /* TaskListViewController.swift in Sources */ = {isa = PBXBuildFile; fileRef = BBB487892350C65A00148789 /* TaskListViewController.swift */; };
		BBB4878C2350C6CF00148789 /* TaskListCell.swift in Sources */ = {isa = PBXBuildFile; fileRef = BBB4878B2350C6CF00148789 /* TaskListCell.swift */; };
		BBD94A84243CD7F000E84E64 /* QuickTaskCell.swift in Sources */ = {isa = PBXBuildFile; fileRef = BBD94A83243CD7F000E84E64 /* QuickTaskCell.swift */; };
		BBDEE6CE243FBB2900BD691B /* Pods_Planner.framework in Frameworks */ = {isa = PBXBuildFile; fileRef = ABB745245C7B679F78023E7F /* Pods_Planner.framework */; };
		BBDEE6D1243FC4A300BD691B /* DatetimePickerController.swift in Sources */ = {isa = PBXBuildFile; fileRef = BBDEE6D0243FC4A300BD691B /* DatetimePickerController.swift */; };
		BBE790AB23E2FFBD00D87E1B /* CategoryListController.swift in Sources */ = {isa = PBXBuildFile; fileRef = BBE790AA23E2FFBD00D87E1B /* CategoryListController.swift */; };
		BBE790AD23E3006B00D87E1B /* CategoryListCell.swift in Sources */ = {isa = PBXBuildFile; fileRef = BBE790AC23E3006B00D87E1B /* CategoryListCell.swift */; };
		BBE790AF23E30B8D00D87E1B /* PriorityListCell.swift in Sources */ = {isa = PBXBuildFile; fileRef = BBE790AE23E30B8D00D87E1B /* PriorityListCell.swift */; };
		BBE790B123E30BB600D87E1B /* PriorityListController.swift in Sources */ = {isa = PBXBuildFile; fileRef = BBE790B023E30BB600D87E1B /* PriorityListController.swift */; };
		BBF6B1F724471D8F00BCD7FA /* FiltersController.swift in Sources */ = {isa = PBXBuildFile; fileRef = BBF6B1F624471D8F00BCD7FA /* FiltersController.swift */; };
		BBF6B1F92447373900BCD7FA /* TaskSearchDAO.swift in Sources */ = {isa = PBXBuildFile; fileRef = BBF6B1F82447373900BCD7FA /* TaskSearchDAO.swift */; };
		BBF6B1FC24473D2100BCD7FA /* PrefsManager.swift in Sources */ = {isa = PBXBuildFile; fileRef = BBF6B1FB24473D2100BCD7FA /* PrefsManager.swift */; };
/* End PBXBuildFile section */

/* Begin PBXFileReference section */
		3D6946E4CC1DC4A276DC1758 /* Pods-Planner.debug.xcconfig */ = {isa = PBXFileReference; includeInIndex = 1; lastKnownFileType = text.xcconfig; name = "Pods-Planner.debug.xcconfig"; path = "Target Support Files/Pods-Planner/Pods-Planner.debug.xcconfig"; sourceTree = "<group>"; };
		ABB745245C7B679F78023E7F /* Pods_Planner.framework */ = {isa = PBXFileReference; explicitFileType = wrapper.framework; includeInIndex = 0; path = Pods_Planner.framework; sourceTree = BUILT_PRODUCTS_DIR; };
		BB074B0E2445D1610023AA97 /* .gitignore */ = {isa = PBXFileReference; lastKnownFileType = text; path = .gitignore; sourceTree = "<group>"; };
		BB074B10244628BC0023AA97 /* GCCalendar.framework */ = {isa = PBXFileReference; explicitFileType = wrapper.framework; path = GCCalendar.framework; sourceTree = BUILT_PRODUCTS_DIR; };
		BB074B11244628BC0023AA97 /* SideMenu.framework */ = {isa = PBXFileReference; explicitFileType = wrapper.framework; path = SideMenu.framework; sourceTree = BUILT_PRODUCTS_DIR; };
		BB074B1824462FED0023AA97 /* SideMenuController.swift */ = {isa = PBXFileReference; lastKnownFileType = sourcecode.swift; path = SideMenuController.swift; sourceTree = "<group>"; };
		BB074B1B2446306B0023AA97 /* SideMenuCell.swift */ = {isa = PBXFileReference; lastKnownFileType = sourcecode.swift; path = SideMenuCell.swift; sourceTree = "<group>"; };
		BB074B1D24463B900023AA97 /* SideMenu.framework */ = {isa = PBXFileReference; explicitFileType = wrapper.framework; path = SideMenu.framework; sourceTree = BUILT_PRODUCTS_DIR; };
		BB2DF09D243FB7F50020C62F /* GCCalendar.framework */ = {isa = PBXFileReference; explicitFileType = wrapper.framework; path = GCCalendar.framework; sourceTree = BUILT_PRODUCTS_DIR; };
		BB4FD4BF2372EC5F003C2039 /* CRUD.swift */ = {isa = PBXFileReference; lastKnownFileType = sourcecode.swift; path = CRUD.swift; sourceTree = "<group>"; };
		BB4FD4C12372EC9F003C2039 /* CategoryDaoImpl.swift */ = {isa = PBXFileReference; lastKnownFileType = sourcecode.swift; path = CategoryDaoImpl.swift; sourceTree = "<group>"; };
		BB4FD4C32372ECAD003C2039 /* TaskDaoImpl.swift */ = {isa = PBXFileReference; lastKnownFileType = sourcecode.swift; path = TaskDaoImpl.swift; sourceTree = "<group>"; };
		BB4FD4C52372ECCC003C2039 /* PriorityDaoImpl.swift */ = {isa = PBXFileReference; lastKnownFileType = sourcecode.swift; path = PriorityDaoImpl.swift; sourceTree = "<group>"; };
		BB4FD4C72372FB9C003C2039 /* CrudExtension.swift */ = {isa = PBXFileReference; lastKnownFileType = sourcecode.swift; path = CrudExtension.swift; sourceTree = "<group>"; };
		BB567AA62369C44500842AD3 /* DateExtension.swift */ = {isa = PBXFileReference; lastKnownFileType = sourcecode.swift; path = DateExtension.swift; sourceTree = "<group>"; };
		BB567AA82369C45800842AD3 /* TaskExtension.swift */ = {isa = PBXFileReference; lastKnownFileType = sourcecode.swift; path = TaskExtension.swift; sourceTree = "<group>"; };
		BB60145E244A20960036E812 /* DictDAO.swift */ = {isa = PBXFileReference; lastKnownFileType = sourcecode.swift; path = DictDAO.swift; sourceTree = "<group>"; };
		BB601460244A21610036E812 /* Checkable.swift */ = {isa = PBXFileReference; lastKnownFileType = sourcecode.swift; path = Checkable.swift; sourceTree = "<group>"; };
		BB6C565E2388078D000EA03A /* TaskNameCell.swift */ = {isa = PBXFileReference; lastKnownFileType = sourcecode.swift; path = TaskNameCell.swift; sourceTree = "<group>"; };
		BB6C56602388088A000EA03A /* TaskCategoryCell.swift */ = {isa = PBXFileReference; lastKnownFileType = sourcecode.swift; path = TaskCategoryCell.swift; sourceTree = "<group>"; };
		BB6C5662238808A3000EA03A /* TaskPriorityCell.swift */ = {isa = PBXFileReference; lastKnownFileType = sourcecode.swift; path = TaskPriorityCell.swift; sourceTree = "<group>"; };
		BB6C5664238808BC000EA03A /* TaskDeadlineCell.swift */ = {isa = PBXFileReference; lastKnownFileType = sourcecode.swift; path = TaskDeadlineCell.swift; sourceTree = "<group>"; };
		BB6C5666238808E0000EA03A /* TaskInfoCell.swift */ = {isa = PBXFileReference; lastKnownFileType = sourcecode.swift; path = TaskInfoCell.swift; sourceTree = "<group>"; };
		BB6E841023E1CDFE00CCE23D /* ActionResultDelegate.swift */ = {isa = PBXFileReference; lastKnownFileType = sourcecode.swift; path = ActionResultDelegate.swift; sourceTree = "<group>"; };
		BB7485F5243E05C000975C56 /* TaskDAO.swift */ = {isa = PBXFileReference; lastKnownFileType = sourcecode.swift; path = TaskDAO.swift; sourceTree = "<group>"; };
		BB9519F0241AD57800F9A3BC /* AreaTapButton.swift */ = {isa = PBXFileReference; lastKnownFileType = sourcecode.swift; path = AreaTapButton.swift; sourceTree = "<group>"; };
		BB9DF5C623E5E6B800FE0E51 /* DictionaryController.swift */ = {isa = PBXFileReference; lastKnownFileType = sourcecode.swift; path = DictionaryController.swift; sourceTree = "<group>"; };
		BBA660CE2440659600A764E6 /* UIViewControllerExtension.swift */ = {isa = PBXFileReference; lastKnownFileType = sourcecode.swift; path = UIViewControllerExtension.swift; sourceTree = "<group>"; };
		BBA660D024406C9300A764E6 /* GCCalendar.framework */ = {isa = PBXFileReference; explicitFileType = wrapper.framework; path = GCCalendar.framework; sourceTree = BUILT_PRODUCTS_DIR; };
		BBAB3295241CE5D10080E3ED /* TaskInfoController.swift */ = {isa = PBXFileReference; lastKnownFileType = sourcecode.swift; path = TaskInfoController.swift; sourceTree = "<group>"; };
		BBB4876C2350C06800148789 /* Planner.app */ = {isa = PBXFileReference; explicitFileType = wrapper.application; includeInIndex = 0; path = Planner.app; sourceTree = BUILT_PRODUCTS_DIR; };
		BBB4876F2350C06800148789 /* AppDelegate.swift */ = {isa = PBXFileReference; lastKnownFileType = sourcecode.swift; path = AppDelegate.swift; sourceTree = "<group>"; };
		BBB487712350C06800148789 /* TaskDetailsViewController.swift */ = {isa = PBXFileReference; lastKnownFileType = sourcecode.swift; path = TaskDetailsViewController.swift; sourceTree = "<group>"; };
		BBB487742350C06800148789 /* Base */ = {isa = PBXFileReference; lastKnownFileType = file.storyboard; name = Base; path = Base.lproj/Main.storyboard; sourceTree = "<group>"; };
		BBB487772350C06800148789 /* Planner.xcdatamodel */ = {isa = PBXFileReference; lastKnownFileType = wrapper.xcdatamodel; path = Planner.xcdatamodel; sourceTree = "<group>"; };
		BBB487792350C06900148789 /* Assets.xcassets */ = {isa = PBXFileReference; lastKnownFileType = folder.assetcatalog; path = Assets.xcassets; sourceTree = "<group>"; };
		BBB4877C2350C06900148789 /* Base */ = {isa = PBXFileReference; lastKnownFileType = file.storyboard; name = Base; path = Base.lproj/LaunchScreen.storyboard; sourceTree = "<group>"; };
		BBB4877E2350C06900148789 /* Info.plist */ = {isa = PBXFileReference; lastKnownFileType = text.plist.xml; path = Info.plist; sourceTree = "<group>"; };
		BBB487892350C65A00148789 /* TaskListViewController.swift */ = {isa = PBXFileReference; lastKnownFileType = sourcecode.swift; path = TaskListViewController.swift; sourceTree = "<group>"; };
		BBB4878B2350C6CF00148789 /* TaskListCell.swift */ = {isa = PBXFileReference; lastKnownFileType = sourcecode.swift; path = TaskListCell.swift; sourceTree = "<group>"; };
		BBD94A83243CD7F000E84E64 /* QuickTaskCell.swift */ = {isa = PBXFileReference; lastKnownFileType = sourcecode.swift; path = QuickTaskCell.swift; sourceTree = "<group>"; };
		BBDEE6D0243FC4A300BD691B /* DatetimePickerController.swift */ = {isa = PBXFileReference; lastKnownFileType = sourcecode.swift; path = DatetimePickerController.swift; sourceTree = "<group>"; };
		BBE790AA23E2FFBD00D87E1B /* CategoryListController.swift */ = {isa = PBXFileReference; lastKnownFileType = sourcecode.swift; path = CategoryListController.swift; sourceTree = "<group>"; };
		BBE790AC23E3006B00D87E1B /* CategoryListCell.swift */ = {isa = PBXFileReference; lastKnownFileType = sourcecode.swift; path = CategoryListCell.swift; sourceTree = "<group>"; };
		BBE790AE23E30B8D00D87E1B /* PriorityListCell.swift */ = {isa = PBXFileReference; lastKnownFileType = sourcecode.swift; path = PriorityListCell.swift; sourceTree = "<group>"; };
		BBE790B023E30BB600D87E1B /* PriorityListController.swift */ = {isa = PBXFileReference; lastKnownFileType = sourcecode.swift; path = PriorityListController.swift; sourceTree = "<group>"; };
		BBF6B1F624471D8F00BCD7FA /* FiltersController.swift */ = {isa = PBXFileReference; lastKnownFileType = sourcecode.swift; path = FiltersController.swift; sourceTree = "<group>"; };
		BBF6B1F82447373900BCD7FA /* TaskSearchDAO.swift */ = {isa = PBXFileReference; lastKnownFileType = sourcecode.swift; path = TaskSearchDAO.swift; sourceTree = "<group>"; };
		BBF6B1FB24473D2100BCD7FA /* PrefsManager.swift */ = {isa = PBXFileReference; lastKnownFileType = sourcecode.swift; path = PrefsManager.swift; sourceTree = "<group>"; };
		D62377A4EBEF5B795CAB931B /* Pods-Planner.release.xcconfig */ = {isa = PBXFileReference; includeInIndex = 1; lastKnownFileType = text.xcconfig; name = "Pods-Planner.release.xcconfig"; path = "Target Support Files/Pods-Planner/Pods-Planner.release.xcconfig"; sourceTree = "<group>"; };
/* End PBXFileReference section */

/* Begin PBXFrameworksBuildPhase section */
		BBB487692350C06800148789 /* Frameworks */ = {
			isa = PBXFrameworksBuildPhase;
			buildActionMask = 2147483647;
			files = (
				BBDEE6CE243FBB2900BD691B /* Pods_Planner.framework in Frameworks */,
			);
			runOnlyForDeploymentPostprocessing = 0;
		};
/* End PBXFrameworksBuildPhase section */

/* Begin PBXGroup section */
		31E6BD8F870B66E82619F169 /* Frameworks */ = {
			isa = PBXGroup;
			children = (
				BB074B1D24463B900023AA97 /* SideMenu.framework */,
				BB074B10244628BC0023AA97 /* GCCalendar.framework */,
				BB074B11244628BC0023AA97 /* SideMenu.framework */,
				BBA660D024406C9300A764E6 /* GCCalendar.framework */,
				BB2DF09D243FB7F50020C62F /* GCCalendar.framework */,
				ABB745245C7B679F78023E7F /* Pods_Planner.framework */,
			);
			name = Frameworks;
			sourceTree = "<group>";
		};
		94FB0EAFC953061CA4543B86 /* Pods */ = {
			isa = PBXGroup;
			children = (
				3D6946E4CC1DC4A276DC1758 /* Pods-Planner.debug.xcconfig */,
				D62377A4EBEF5B795CAB931B /* Pods-Planner.release.xcconfig */,
			);
			path = Pods;
			sourceTree = "<group>";
		};
		BB074B1724462FCE0023AA97 /* SideMenu */ = {
			isa = PBXGroup;
			children = (
				BB074B1824462FED0023AA97 /* SideMenuController.swift */,
			);
			path = SideMenu;
			sourceTree = "<group>";
		};
		BB074B1A244630480023AA97 /* SideMenu */ = {
			isa = PBXGroup;
			children = (
				BB074B1B2446306B0023AA97 /* SideMenuCell.swift */,
			);
			path = SideMenu;
			sourceTree = "<group>";
		};
		BB4FD4BD2372EC2B003C2039 /* DAO */ = {
			isa = PBXGroup;
			children = (
				BB4FD4BF2372EC5F003C2039 /* CRUD.swift */,
				BB7485F5243E05C000975C56 /* TaskDAO.swift */,
				BBF6B1F82447373900BCD7FA /* TaskSearchDAO.swift */,
				BB601460244A21610036E812 /* Checkable.swift */,
				BB60145E244A20960036E812 /* DictDAO.swift */,
			);
			path = DAO;
			sourceTree = "<group>";
		};
		BB4FD4BE2372EC35003C2039 /* DAOImpl */ = {
			isa = PBXGroup;
			children = (
				BB4FD4C12372EC9F003C2039 /* CategoryDaoImpl.swift */,
				BB4FD4C52372ECCC003C2039 /* PriorityDaoImpl.swift */,
				BB4FD4C32372ECAD003C2039 /* TaskDaoImpl.swift */,
			);
			path = DAOImpl;
			sourceTree = "<group>";
		};
		BB567AA52369C41A00842AD3 /* Extensions */ = {
			isa = PBXGroup;
			children = (
				BB4FD4C72372FB9C003C2039 /* CrudExtension.swift */,
				BB567AA62369C44500842AD3 /* DateExtension.swift */,
				BB567AA82369C45800842AD3 /* TaskExtension.swift */,
				BBA660CE2440659600A764E6 /* UIViewControllerExtension.swift */,
			);
			path = Extensions;
			sourceTree = "<group>";
		};
		BB6E840F23E1CDD800CCE23D /* Delegates */ = {
			isa = PBXGroup;
			children = (
				BB6E841023E1CDFE00CCE23D /* ActionResultDelegate.swift */,
			);
			path = Delegates;
			sourceTree = "<group>";
		};
		BB9519EF241AD53100F9A3BC /* UIVIews */ = {
			isa = PBXGroup;
			children = (
				BB9519F0241AD57800F9A3BC /* AreaTapButton.swift */,
			);
			path = UIVIews;
			sourceTree = "<group>";
		};
		BBB487632350C06800148789 = {
			isa = PBXGroup;
			children = (
				BB074B0E2445D1610023AA97 /* .gitignore */,
				BBB4876E2350C06800148789 /* Planner */,
				BBB4876D2350C06800148789 /* Products */,
				94FB0EAFC953061CA4543B86 /* Pods */,
				31E6BD8F870B66E82619F169 /* Frameworks */,
			);
			sourceTree = "<group>";
		};
		BBB4876D2350C06800148789 /* Products */ = {
			isa = PBXGroup;
			children = (
				BBB4876C2350C06800148789 /* Planner.app */,
			);
			name = Products;
			sourceTree = "<group>";
		};
		BBB4876E2350C06800148789 /* Planner */ = {
			isa = PBXGroup;
			children = (
				BBF6B1FA24473D0100BCD7FA /* Managers */,
				BB9519EF241AD53100F9A3BC /* UIVIews */,
				BB6E840F23E1CDD800CCE23D /* Delegates */,
				BB4FD4BE2372EC35003C2039 /* DAOImpl */,
				BB4FD4BD2372EC2B003C2039 /* DAO */,
				BB567AA52369C41A00842AD3 /* Extensions */,
				BBB487882350C24600148789 /* Cells */,
				BBB487852350C1A700148789 /* Controllers */,
				BBB487842350C19200148789 /* Storyboard */,
				BBB4876F2350C06800148789 /* AppDelegate.swift */,
				BBB487792350C06900148789 /* Assets.xcassets */,
				BBB4877E2350C06900148789 /* Info.plist */,
				BBB487762350C06800148789 /* Planner.xcdatamodeld */,
			);
			path = Planner;
			sourceTree = "<group>";
		};
		BBB487842350C19200148789 /* Storyboard */ = {
			isa = PBXGroup;
			children = (
				BBB487732350C06800148789 /* Main.storyboard */,
				BBB4877B2350C06900148789 /* LaunchScreen.storyboard */,
			);
			path = Storyboard;
			sourceTree = "<group>";
		};
		BBB487852350C1A700148789 /* Controllers */ = {
			isa = PBXGroup;
			children = (
				BB074B1724462FCE0023AA97 /* SideMenu */,
				BBE790A923E2FF6B00D87E1B /* TaskDetails */,
				BBB487872350C1D100148789 /* List */,
				BBF6B1F624471D8F00BCD7FA /* FiltersController.swift */,
			);
			path = Controllers;
			sourceTree = "<group>";
		};
		BBB487872350C1D100148789 /* List */ = {
			isa = PBXGroup;
			children = (
				BBB487892350C65A00148789 /* TaskListViewController.swift */,
				BBE790AA23E2FFBD00D87E1B /* CategoryListController.swift */,
				BBE790B023E30BB600D87E1B /* PriorityListController.swift */,
				BB9DF5C623E5E6B800FE0E51 /* DictionaryController.swift */,
			);
			path = List;
			sourceTree = "<group>";
		};
		BBB487882350C24600148789 /* Cells */ = {
			isa = PBXGroup;
			children = (
				BB074B1A244630480023AA97 /* SideMenu */,
				BBECDA1523E1C45400CA8166 /* TaskDetails */,
				BBECDA1423E1C44100CA8166 /* List */,
			);
			path = Cells;
			sourceTree = "<group>";
		};
		BBE790A923E2FF6B00D87E1B /* TaskDetails */ = {
			isa = PBXGroup;
			children = (
				BBB487712350C06800148789 /* TaskDetailsViewController.swift */,
				BBAB3295241CE5D10080E3ED /* TaskInfoController.swift */,
				BBDEE6D0243FC4A300BD691B /* DatetimePickerController.swift */,
			);
			path = TaskDetails;
			sourceTree = "<group>";
		};
		BBECDA1423E1C44100CA8166 /* List */ = {
			isa = PBXGroup;
			children = (
				BBB4878B2350C6CF00148789 /* TaskListCell.swift */,
				BBE790AC23E3006B00D87E1B /* CategoryListCell.swift */,
				BBE790AE23E30B8D00D87E1B /* PriorityListCell.swift */,
				BBD94A83243CD7F000E84E64 /* QuickTaskCell.swift */,
			);
			path = List;
			sourceTree = "<group>";
		};
		BBECDA1523E1C45400CA8166 /* TaskDetails */ = {
			isa = PBXGroup;
			children = (
				BB6C565E2388078D000EA03A /* TaskNameCell.swift */,
				BB6C56602388088A000EA03A /* TaskCategoryCell.swift */,
				BB6C5662238808A3000EA03A /* TaskPriorityCell.swift */,
				BB6C5664238808BC000EA03A /* TaskDeadlineCell.swift */,
				BB6C5666238808E0000EA03A /* TaskInfoCell.swift */,
			);
			path = TaskDetails;
			sourceTree = "<group>";
		};
		BBF6B1FA24473D0100BCD7FA /* Managers */ = {
			isa = PBXGroup;
			children = (
				BBF6B1FB24473D2100BCD7FA /* PrefsManager.swift */,
			);
			path = Managers;
			sourceTree = "<group>";
		};
/* End PBXGroup section */

/* Begin PBXNativeTarget section */
		BBB4876B2350C06800148789 /* Planner */ = {
			isa = PBXNativeTarget;
			buildConfigurationList = BBB487812350C06900148789 /* Build configuration list for PBXNativeTarget "Planner" */;
			buildPhases = (
				86B1AD218111A42A4427E7D6 /* [CP] Check Pods Manifest.lock */,
				BBB487682350C06800148789 /* Sources */,
				BBB487692350C06800148789 /* Frameworks */,
				BBB4876A2350C06800148789 /* Resources */,
				76B7C54D32EDB4775547EDB4 /* [CP] Embed Pods Frameworks */,
			);
			buildRules = (
			);
			dependencies = (
			);
			name = Planner;
			productName = Planner;
			productReference = BBB4876C2350C06800148789 /* Planner.app */;
			productType = "com.apple.product-type.application";
		};
/* End PBXNativeTarget section */

/* Begin PBXProject section */
		BBB487642350C06800148789 /* Project object */ = {
			isa = PBXProject;
			attributes = {
				LastSwiftUpdateCheck = 1030;
				LastUpgradeCheck = 1030;
				ORGANIZATIONNAME = "Kirill Zakharov";
				TargetAttributes = {
					BBB4876B2350C06800148789 = {
						CreatedOnToolsVersion = 10.3;
					};
				};
			};
			buildConfigurationList = BBB487672350C06800148789 /* Build configuration list for PBXProject "Planner" */;
			compatibilityVersion = "Xcode 9.3";
			developmentRegion = en;
			hasScannedForEncodings = 0;
			knownRegions = (
				en,
				Base,
			);
			mainGroup = BBB487632350C06800148789;
			productRefGroup = BBB4876D2350C06800148789 /* Products */;
			projectDirPath = "";
			projectRoot = "";
			targets = (
				BBB4876B2350C06800148789 /* Planner */,
			);
		};
/* End PBXProject section */

/* Begin PBXResourcesBuildPhase section */
		BBB4876A2350C06800148789 /* Resources */ = {
			isa = PBXResourcesBuildPhase;
			buildActionMask = 2147483647;
			files = (
				BB074B0F2445D1610023AA97 /* .gitignore in Resources */,
				BBB4877D2350C06900148789 /* LaunchScreen.storyboard in Resources */,
				BBB4877A2350C06900148789 /* Assets.xcassets in Resources */,
				BBB487752350C06800148789 /* Main.storyboard in Resources */,
			);
			runOnlyForDeploymentPostprocessing = 0;
		};
/* End PBXResourcesBuildPhase section */

/* Begin PBXShellScriptBuildPhase section */
		76B7C54D32EDB4775547EDB4 /* [CP] Embed Pods Frameworks */ = {
			isa = PBXShellScriptBuildPhase;
			buildActionMask = 2147483647;
			files = (
			);
			inputFileListPaths = (
				"${PODS_ROOT}/Target Support Files/Pods-Planner/Pods-Planner-frameworks-${CONFIGURATION}-input-files.xcfilelist",
			);
			name = "[CP] Embed Pods Frameworks";
			outputFileListPaths = (
				"${PODS_ROOT}/Target Support Files/Pods-Planner/Pods-Planner-frameworks-${CONFIGURATION}-output-files.xcfilelist",
			);
			runOnlyForDeploymentPostprocessing = 0;
			shellPath = /bin/sh;
			shellScript = "\"${PODS_ROOT}/Target Support Files/Pods-Planner/Pods-Planner-frameworks.sh\"\n";
			showEnvVarsInLog = 0;
		};
		86B1AD218111A42A4427E7D6 /* [CP] Check Pods Manifest.lock */ = {
			isa = PBXShellScriptBuildPhase;
			buildActionMask = 2147483647;
			files = (
			);
			inputFileListPaths = (
			);
			inputPaths = (
				"${PODS_PODFILE_DIR_PATH}/Podfile.lock",
				"${PODS_ROOT}/Manifest.lock",
			);
			name = "[CP] Check Pods Manifest.lock";
			outputFileListPaths = (
			);
			outputPaths = (
				"$(DERIVED_FILE_DIR)/Pods-Planner-checkManifestLockResult.txt",
			);
			runOnlyForDeploymentPostprocessing = 0;
			shellPath = /bin/sh;
			shellScript = "diff \"${PODS_PODFILE_DIR_PATH}/Podfile.lock\" \"${PODS_ROOT}/Manifest.lock\" > /dev/null\nif [ $? != 0 ] ; then\n    # print error to STDERR\n    echo \"error: The sandbox is not in sync with the Podfile.lock. Run 'pod install' or update your CocoaPods installation.\" >&2\n    exit 1\nfi\n# This output is used by Xcode 'outputs' to avoid re-running this script phase.\necho \"SUCCESS\" > \"${SCRIPT_OUTPUT_FILE_0}\"\n";
			showEnvVarsInLog = 0;
		};
/* End PBXShellScriptBuildPhase section */

/* Begin PBXSourcesBuildPhase section */
		BBB487682350C06800148789 /* Sources */ = {
			isa = PBXSourcesBuildPhase;
			buildActionMask = 2147483647;
			files = (
				BB9519F1241AD57800F9A3BC /* AreaTapButton.swift in Sources */,
				BBAB3296241CE5D10080E3ED /* TaskInfoController.swift in Sources */,
				BB074B1C2446306B0023AA97 /* SideMenuCell.swift in Sources */,
				BB567AA92369C45800842AD3 /* TaskExtension.swift in Sources */,
				BB6E841123E1CDFE00CCE23D /* ActionResultDelegate.swift in Sources */,
				BBDEE6D1243FC4A300BD691B /* DatetimePickerController.swift in Sources */,
				BB4FD4C02372EC5F003C2039 /* CRUD.swift in Sources */,
				BB60145F244A20970036E812 /* DictDAO.swift in Sources */,
				BBB487722350C06800148789 /* TaskDetailsViewController.swift in Sources */,
				BBD94A84243CD7F000E84E64 /* QuickTaskCell.swift in Sources */,
				BB6C565F2388078D000EA03A /* TaskNameCell.swift in Sources */,
				BB7485F6243E05C000975C56 /* TaskDAO.swift in Sources */,
				BB601461244A21610036E812 /* Checkable.swift in Sources */,
				BB567AA72369C44500842AD3 /* DateExtension.swift in Sources */,
				BB4FD4C62372ECCC003C2039 /* PriorityDaoImpl.swift in Sources */,
				BB9DF5C723E5E6B800FE0E51 /* DictionaryController.swift in Sources */,
				BBE790AB23E2FFBD00D87E1B /* CategoryListController.swift in Sources */,
				BBF6B1F724471D8F00BCD7FA /* FiltersController.swift in Sources */,
				BBB4878C2350C6CF00148789 /* TaskListCell.swift in Sources */,
				BBA660CF2440659600A764E6 /* UIViewControllerExtension.swift in Sources */,
				BBE790AF23E30B8D00D87E1B /* PriorityListCell.swift in Sources */,
				BBB4878A2350C65A00148789 /* TaskListViewController.swift in Sources */,
				BBF6B1F92447373900BCD7FA /* TaskSearchDAO.swift in Sources */,
				BB6C5667238808E0000EA03A /* TaskInfoCell.swift in Sources */,
				BBB487702350C06800148789 /* AppDelegate.swift in Sources */,
				BBE790B123E30BB600D87E1B /* PriorityListController.swift in Sources */,
				BB4FD4C82372FB9C003C2039 /* CrudExtension.swift in Sources */,
				BB6C5665238808BC000EA03A /* TaskDeadlineCell.swift in Sources */,
				BB6C56612388088A000EA03A /* TaskCategoryCell.swift in Sources */,
				BB4FD4C42372ECAD003C2039 /* TaskDaoImpl.swift in Sources */,
				BB074B1924462FED0023AA97 /* SideMenuController.swift in Sources */,
				BB4FD4C22372EC9F003C2039 /* CategoryDaoImpl.swift in Sources */,
				BBB487782350C06800148789 /* Planner.xcdatamodeld in Sources */,
				BB6C5663238808A3000EA03A /* TaskPriorityCell.swift in Sources */,
				BBF6B1FC24473D2100BCD7FA /* PrefsManager.swift in Sources */,
				BBE790AD23E3006B00D87E1B /* CategoryListCell.swift in Sources */,
			);
			runOnlyForDeploymentPostprocessing = 0;
		};
/* End PBXSourcesBuildPhase section */

/* Begin PBXVariantGroup section */
		BBB487732350C06800148789 /* Main.storyboard */ = {
			isa = PBXVariantGroup;
			children = (
				BBB487742350C06800148789 /* Base */,
			);
			name = Main.storyboard;
			sourceTree = "<group>";
		};
		BBB4877B2350C06900148789 /* LaunchScreen.storyboard */ = {
			isa = PBXVariantGroup;
			children = (
				BBB4877C2350C06900148789 /* Base */,
			);
			name = LaunchScreen.storyboard;
			sourceTree = "<group>";
		};
/* End PBXVariantGroup section */

/* Begin XCBuildConfiguration section */
		BBB4877F2350C06900148789 /* Debug */ = {
			isa = XCBuildConfiguration;
			buildSettings = {
				ALWAYS_SEARCH_USER_PATHS = NO;
				CLANG_ANALYZER_NONNULL = YES;
				CLANG_ANALYZER_NUMBER_OBJECT_CONVERSION = YES_AGGRESSIVE;
				CLANG_CXX_LANGUAGE_STANDARD = "gnu++14";
				CLANG_CXX_LIBRARY = "libc++";
				CLANG_ENABLE_MODULES = YES;
				CLANG_ENABLE_OBJC_ARC = YES;
				CLANG_ENABLE_OBJC_WEAK = YES;
				CLANG_WARN_BLOCK_CAPTURE_AUTORELEASING = YES;
				CLANG_WARN_BOOL_CONVERSION = YES;
				CLANG_WARN_COMMA = YES;
				CLANG_WARN_CONSTANT_CONVERSION = YES;
				CLANG_WARN_DEPRECATED_OBJC_IMPLEMENTATIONS = YES;
				CLANG_WARN_DIRECT_OBJC_ISA_USAGE = YES_ERROR;
				CLANG_WARN_DOCUMENTATION_COMMENTS = YES;
				CLANG_WARN_EMPTY_BODY = YES;
				CLANG_WARN_ENUM_CONVERSION = YES;
				CLANG_WARN_INFINITE_RECURSION = YES;
				CLANG_WARN_INT_CONVERSION = YES;
				CLANG_WARN_NON_LITERAL_NULL_CONVERSION = YES;
				CLANG_WARN_OBJC_IMPLICIT_RETAIN_SELF = YES;
				CLANG_WARN_OBJC_LITERAL_CONVERSION = YES;
				CLANG_WARN_OBJC_ROOT_CLASS = YES_ERROR;
				CLANG_WARN_RANGE_LOOP_ANALYSIS = YES;
				CLANG_WARN_STRICT_PROTOTYPES = YES;
				CLANG_WARN_SUSPICIOUS_MOVE = YES;
				CLANG_WARN_UNGUARDED_AVAILABILITY = YES_AGGRESSIVE;
				CLANG_WARN_UNREACHABLE_CODE = YES;
				CLANG_WARN__DUPLICATE_METHOD_MATCH = YES;
				CODE_SIGN_IDENTITY = "iPhone Developer";
				COPY_PHASE_STRIP = NO;
				DEBUG_INFORMATION_FORMAT = dwarf;
				ENABLE_STRICT_OBJC_MSGSEND = YES;
				ENABLE_TESTABILITY = YES;
				GCC_C_LANGUAGE_STANDARD = gnu11;
				GCC_DYNAMIC_NO_PIC = NO;
				GCC_NO_COMMON_BLOCKS = YES;
				GCC_OPTIMIZATION_LEVEL = 0;
				GCC_PREPROCESSOR_DEFINITIONS = (
					"DEBUG=1",
					"$(inherited)",
				);
				GCC_WARN_64_TO_32_BIT_CONVERSION = YES;
				GCC_WARN_ABOUT_RETURN_TYPE = YES_ERROR;
				GCC_WARN_UNDECLARED_SELECTOR = YES;
				GCC_WARN_UNINITIALIZED_AUTOS = YES_AGGRESSIVE;
				GCC_WARN_UNUSED_FUNCTION = YES;
				GCC_WARN_UNUSED_VARIABLE = YES;
				IPHONEOS_DEPLOYMENT_TARGET = 12.4;
				MTL_ENABLE_DEBUG_INFO = INCLUDE_SOURCE;
				MTL_FAST_MATH = YES;
				ONLY_ACTIVE_ARCH = YES;
				SDKROOT = iphoneos;
				SWIFT_ACTIVE_COMPILATION_CONDITIONS = DEBUG;
				SWIFT_OPTIMIZATION_LEVEL = "-Onone";
			};
			name = Debug;
		};
		BBB487802350C06900148789 /* Release */ = {
			isa = XCBuildConfiguration;
			buildSettings = {
				ALWAYS_SEARCH_USER_PATHS = NO;
				CLANG_ANALYZER_NONNULL = YES;
				CLANG_ANALYZER_NUMBER_OBJECT_CONVERSION = YES_AGGRESSIVE;
				CLANG_CXX_LANGUAGE_STANDARD = "gnu++14";
				CLANG_CXX_LIBRARY = "libc++";
				CLANG_ENABLE_MODULES = YES;
				CLANG_ENABLE_OBJC_ARC = YES;
				CLANG_ENABLE_OBJC_WEAK = YES;
				CLANG_WARN_BLOCK_CAPTURE_AUTORELEASING = YES;
				CLANG_WARN_BOOL_CONVERSION = YES;
				CLANG_WARN_COMMA = YES;
				CLANG_WARN_CONSTANT_CONVERSION = YES;
				CLANG_WARN_DEPRECATED_OBJC_IMPLEMENTATIONS = YES;
				CLANG_WARN_DIRECT_OBJC_ISA_USAGE = YES_ERROR;
				CLANG_WARN_DOCUMENTATION_COMMENTS = YES;
				CLANG_WARN_EMPTY_BODY = YES;
				CLANG_WARN_ENUM_CONVERSION = YES;
				CLANG_WARN_INFINITE_RECURSION = YES;
				CLANG_WARN_INT_CONVERSION = YES;
				CLANG_WARN_NON_LITERAL_NULL_CONVERSION = YES;
				CLANG_WARN_OBJC_IMPLICIT_RETAIN_SELF = YES;
				CLANG_WARN_OBJC_LITERAL_CONVERSION = YES;
				CLANG_WARN_OBJC_ROOT_CLASS = YES_ERROR;
				CLANG_WARN_RANGE_LOOP_ANALYSIS = YES;
				CLANG_WARN_STRICT_PROTOTYPES = YES;
				CLANG_WARN_SUSPICIOUS_MOVE = YES;
				CLANG_WARN_UNGUARDED_AVAILABILITY = YES_AGGRESSIVE;
				CLANG_WARN_UNREACHABLE_CODE = YES;
				CLANG_WARN__DUPLICATE_METHOD_MATCH = YES;
				CODE_SIGN_IDENTITY = "iPhone Developer";
				COPY_PHASE_STRIP = NO;
				DEBUG_INFORMATION_FORMAT = "dwarf-with-dsym";
				ENABLE_NS_ASSERTIONS = NO;
				ENABLE_STRICT_OBJC_MSGSEND = YES;
				GCC_C_LANGUAGE_STANDARD = gnu11;
				GCC_NO_COMMON_BLOCKS = YES;
				GCC_WARN_64_TO_32_BIT_CONVERSION = YES;
				GCC_WARN_ABOUT_RETURN_TYPE = YES_ERROR;
				GCC_WARN_UNDECLARED_SELECTOR = YES;
				GCC_WARN_UNINITIALIZED_AUTOS = YES_AGGRESSIVE;
				GCC_WARN_UNUSED_FUNCTION = YES;
				GCC_WARN_UNUSED_VARIABLE = YES;
				IPHONEOS_DEPLOYMENT_TARGET = 12.4;
				MTL_ENABLE_DEBUG_INFO = NO;
				MTL_FAST_MATH = YES;
				SDKROOT = iphoneos;
				SWIFT_COMPILATION_MODE = wholemodule;
				SWIFT_OPTIMIZATION_LEVEL = "-O";
				VALIDATE_PRODUCT = YES;
			};
			name = Release;
		};
		BBB487822350C06900148789 /* Debug */ = {
			isa = XCBuildConfiguration;
			baseConfigurationReference = 3D6946E4CC1DC4A276DC1758 /* Pods-Planner.debug.xcconfig */;
			buildSettings = {
				ASSETCATALOG_COMPILER_APPICON_NAME = AppIcon;
				CODE_SIGN_IDENTITY = "Apple Development";
				CODE_SIGN_STYLE = Automatic;
				DEVELOPMENT_TEAM = V9KR6VGD62;
				INFOPLIST_FILE = Planner/Info.plist;
				LD_RUNPATH_SEARCH_PATHS = (
					"$(inherited)",
					"@executable_path/Frameworks",
				);
				PRODUCT_BUNDLE_IDENTIFIER = "llapromesse-gmail.com";
				PRODUCT_NAME = "$(TARGET_NAME)";
				PROVISIONING_PROFILE_SPECIFIER = "";
				SWIFT_VERSION = 5.0;
				TARGETED_DEVICE_FAMILY = "1,2";
			};
			name = Debug;
		};
		BBB487832350C06900148789 /* Release */ = {
			isa = XCBuildConfiguration;
			baseConfigurationReference = D62377A4EBEF5B795CAB931B /* Pods-Planner.release.xcconfig */;
			buildSettings = {
				ASSETCATALOG_COMPILER_APPICON_NAME = AppIcon;
				CODE_SIGN_IDENTITY = "Apple Development";
				CODE_SIGN_STYLE = Automatic;
				DEVELOPMENT_TEAM = V9KR6VGD62;
				INFOPLIST_FILE = Planner/Info.plist;
				LD_RUNPATH_SEARCH_PATHS = (
					"$(inherited)",
					"@executable_path/Frameworks",
				);
				PRODUCT_BUNDLE_IDENTIFIER = "llapromesse-gmail.com";
				PRODUCT_NAME = "$(TARGET_NAME)";
				PROVISIONING_PROFILE_SPECIFIER = "";
				SWIFT_VERSION = 5.0;
				TARGETED_DEVICE_FAMILY = "1,2";
			};
			name = Release;
		};
/* End XCBuildConfiguration section */

/* Begin XCConfigurationList section */
		BBB487672350C06800148789 /* Build configuration list for PBXProject "Planner" */ = {
			isa = XCConfigurationList;
			buildConfigurations = (
				BBB4877F2350C06900148789 /* Debug */,
				BBB487802350C06900148789 /* Release */,
			);
			defaultConfigurationIsVisible = 0;
			defaultConfigurationName = Release;
		};
		BBB487812350C06900148789 /* Build configuration list for PBXNativeTarget "Planner" */ = {
			isa = XCConfigurationList;
			buildConfigurations = (
				BBB487822350C06900148789 /* Debug */,
				BBB487832350C06900148789 /* Release */,
			);
			defaultConfigurationIsVisible = 0;
			defaultConfigurationName = Release;
		};
/* End XCConfigurationList section */

/* Begin XCVersionGroup section */
		BBB487762350C06800148789 /* Planner.xcdatamodeld */ = {
			isa = XCVersionGroup;
			children = (
				BBB487772350C06800148789 /* Planner.xcdatamodel */,
			);
			currentVersion = BBB487772350C06800148789 /* Planner.xcdatamodel */;
			path = Planner.xcdatamodeld;
			sourceTree = "<group>";
			versionGroupType = wrapper.xcdatamodel;
		};
/* End XCVersionGroup section */
	};
	rootObject = BBB487642350C06800148789 /* Project object */;
}
